// !$*UTF8*$!
{
	archiveVersion = 1;
	classes = {
	};
	objectVersion = 50;
	objects = {

/* Begin PBXBuildFile section */
		F40C7E2F21B2EEC50074D929 /* AppDelegate.swift in Sources */ = {isa = PBXBuildFile; fileRef = F40C7E2E21B2EEC50074D929 /* AppDelegate.swift */; };
		F40C7E3121B2EEC50074D929 /* ViewController.swift in Sources */ = {isa = PBXBuildFile; fileRef = F40C7E3021B2EEC50074D929 /* ViewController.swift */; };
		F40C7E3421B2EEC50074D929 /* Main.storyboard in Resources */ = {isa = PBXBuildFile; fileRef = F40C7E3221B2EEC50074D929 /* Main.storyboard */; };
		F40C7E3621B2EEC70074D929 /* Assets.xcassets in Resources */ = {isa = PBXBuildFile; fileRef = F40C7E3521B2EEC70074D929 /* Assets.xcassets */; };
		F40C7E3921B2EEC70074D929 /* LaunchScreen.storyboard in Resources */ = {isa = PBXBuildFile; fileRef = F40C7E3721B2EEC70074D929 /* LaunchScreen.storyboard */; };
		F40C7E4621B3E1570074D929 /* RestaurantTableViewController.swift in Sources */ = {isa = PBXBuildFile; fileRef = F40C7E4521B3E1570074D929 /* RestaurantTableViewController.swift */; };
		F40C7E4821B3EBA80074D929 /* RestaurantTableViewCell.swift in Sources */ = {isa = PBXBuildFile; fileRef = F40C7E4721B3EBA80074D929 /* RestaurantTableViewCell.swift */; };
/* End PBXBuildFile section */

/* Begin PBXFileReference section */
		F40C7E2B21B2EEC50074D929 /* FoodPin.app */ = {isa = PBXFileReference; explicitFileType = wrapper.application; includeInIndex = 0; path = FoodPin.app; sourceTree = BUILT_PRODUCTS_DIR; };
		F40C7E2E21B2EEC50074D929 /* AppDelegate.swift */ = {isa = PBXFileReference; lastKnownFileType = sourcecode.swift; path = AppDelegate.swift; sourceTree = "<group>"; };
		F40C7E3321B2EEC50074D929 /* Base */ = {isa = PBXFileReference; lastKnownFileType = file.storyboard; name = Base; path = Base.lproj/Main.storyboard; sourceTree = "<group>"; };
		F40C7E3521B2EEC70074D929 /* Assets.xcassets */ = {isa = PBXFileReference; lastKnownFileType = folder.assetcatalog; path = Assets.xcassets; sourceTree = "<group>"; };
		F40C7E3821B2EEC70074D929 /* Base */ = {isa = PBXFileReference; lastKnownFileType = file.storyboard; name = Base; path = Base.lproj/LaunchScreen.storyboard; sourceTree = "<group>"; };
		F40C7E3A21B2EEC70074D929 /* Info.plist */ = {isa = PBXFileReference; lastKnownFileType = text.plist.xml; path = Info.plist; sourceTree = "<group>"; };
		F40C7E4521B3E1570074D929 /* RestaurantTableViewController.swift */ = {isa = PBXFileReference; lastKnownFileType = sourcecode.swift; path = RestaurantTableViewController.swift; sourceTree = "<group>"; };
		F40C7E4721B3EBA80074D929 /* RestaurantTableViewCell.swift */ = {isa = PBXFileReference; lastKnownFileType = sourcecode.swift; path = RestaurantTableViewCell.swift; sourceTree = "<group>"; };
/* End PBXFileReference section */

/* Begin PBXFrameworksBuildPhase section */
		F40C7E2821B2EEC50074D929 /* Frameworks */ = {
			isa = PBXFrameworksBuildPhase;
			buildActionMask = 2147483647;
			files = (
			);
			runOnlyForDeploymentPostprocessing = 0;
		};
/* End PBXFrameworksBuildPhase section */

/* Begin PBXGroup section */
		F40C7E2221B2EEC50074D929 = {
			isa = PBXGroup;
			children = (
				F40C7E2D21B2EEC50074D929 /* FoodPin */,
				F40C7E2C21B2EEC50074D929 /* Products */,
			);
			sourceTree = "<group>";
		};
		F40C7E2C21B2EEC50074D929 /* Products */ = {
			isa = PBXGroup;
			children = (
				F40C7E2B21B2EEC50074D929 /* FoodPin.app */,
			);
			name = Products;
			sourceTree = "<group>";
		};
		F40C7E2D21B2EEC50074D929 /* FoodPin */ = {
			isa = PBXGroup;
			children = (
				F40C7E4321B3017B0074D929 /* Controllers */,
				F40C7E4221B2F1C80074D929 /* SupportFiles */,
				F40C7E4421B301B80074D929 /* Views */,
			);
			path = FoodPin;
			sourceTree = "<group>";
		};
		F40C7E4221B2F1C80074D929 /* SupportFiles */ = {
			isa = PBXGroup;
			children = (
				F40C7E2E21B2EEC50074D929 /* AppDelegate.swift */,
				F40C7E3521B2EEC70074D929 /* Assets.xcassets */,
				F40C7E3A21B2EEC70074D929 /* Info.plist */,
				F40C7E3721B2EEC70074D929 /* LaunchScreen.storyboard */,
			);
			path = SupportFiles;
			sourceTree = "<group>";
		};
		F40C7E4321B3017B0074D929 /* Controllers */ = {
			isa = PBXGroup;
			children = (
				F40C7E4521B3E1570074D929 /* RestaurantTableViewController.swift */,
				F40C7E4721B3EBA80074D929 /* RestaurantTableViewCell.swift */,
			);
			path = Controllers;
			sourceTree = "<group>";
		};
		F40C7E4421B301B80074D929 /* Views */ = {
			isa = PBXGroup;
			children = (
				F40C7E3221B2EEC50074D929 /* Main.storyboard */,
			);
			path = Views;
			sourceTree = "<group>";
		};
/* End PBXGroup section */

/* Begin PBXNativeTarget section */
		F40C7E2A21B2EEC50074D929 /* FoodPin */ = {
			isa = PBXNativeTarget;
			buildConfigurationList = F40C7E3D21B2EEC70074D929 /* Build configuration list for PBXNativeTarget "FoodPin" */;
			buildPhases = (
				F40C7E2721B2EEC50074D929 /* Sources */,
				F40C7E2821B2EEC50074D929 /* Frameworks */,
				F40C7E2921B2EEC50074D929 /* Resources */,
			);
			buildRules = (
			);
			dependencies = (
			);
			name = FoodPin;
			productName = FoodPin;
			productReference = F40C7E2B21B2EEC50074D929 /* FoodPin.app */;
			productType = "com.apple.product-type.application";
		};
/* End PBXNativeTarget section */

/* Begin PBXProject section */
		F40C7E2321B2EEC50074D929 /* Project object */ = {
			isa = PBXProject;
			attributes = {
				LastSwiftUpdateCheck = 1010;
				LastUpgradeCheck = 1010;
				ORGANIZATIONNAME = LyfeBug;
				TargetAttributes = {
					F40C7E2A21B2EEC50074D929 = {
						CreatedOnToolsVersion = 10.1;
					};
				};
			};
			buildConfigurationList = F40C7E2621B2EEC50074D929 /* Build configuration list for PBXProject "FoodPin" */;
			compatibilityVersion = "Xcode 9.3";
			developmentRegion = en;
			hasScannedForEncodings = 0;
			knownRegions = (
				en,
				Base,
			);
			mainGroup = F40C7E2221B2EEC50074D929;
			productRefGroup = F40C7E2C21B2EEC50074D929 /* Products */;
			projectDirPath = "";
			projectRoot = "";
			targets = (
				F40C7E2A21B2EEC50074D929 /* FoodPin */,
			);
		};
/* End PBXProject section */

/* Begin PBXResourcesBuildPhase section */
		F40C7E2921B2EEC50074D929 /* Resources */ = {
			isa = PBXResourcesBuildPhase;
			buildActionMask = 2147483647;
			files = (
				F40C7E3921B2EEC70074D929 /* LaunchScreen.storyboard in Resources */,
				F40C7E3621B2EEC70074D929 /* Assets.xcassets in Resources */,
				F40C7E3421B2EEC50074D929 /* Main.storyboard in Resources */,
			);
			runOnlyForDeploymentPostprocessing = 0;
		};
/* End PBXResourcesBuildPhase section */

/* Begin PBXSourcesBuildPhase section */
		F40C7E2721B2EEC50074D929 /* Sources */ = {
			isa = PBXSourcesBuildPhase;
			buildActionMask = 2147483647;
			files = (
				F40C7E4621B3E1570074D929 /* RestaurantTableViewController.swift in Sources */,
				F40C7E4821B3EBA80074D929 /* RestaurantTableViewCell.swift in Sources */,
				F40C7E2F21B2EEC50074D929 /* AppDelegate.swift in Sources */,
			);
			runOnlyForDeploymentPostprocessing = 0;
		};
/* End PBXSourcesBuildPhase section */

/* Begin PBXVariantGroup section */
		F40C7E3221B2EEC50074D929 /* Main.storyboard */ = {
			isa = PBXVariantGroup;
			children = (
				F40C7E3321B2EEC50074D929 /* Base */,
			);
			name = Main.storyboard;
			sourceTree = "<group>";
		};
		F40C7E3721B2EEC70074D929 /* LaunchScreen.storyboard */ = {
			isa = PBXVariantGroup;
			children = (
				F40C7E3821B2EEC70074D929 /* Base */,
			);
			name = LaunchScreen.storyboard;
			sourceTree = "<group>";
		};
/* End PBXVariantGroup section */

/* Begin XCBuildConfiguration section */
		F40C7E3B21B2EEC70074D929 /* Debug */ = {
			isa = XCBuildConfiguration;
			buildSettings = {
				ALWAYS_SEARCH_USER_PATHS = NO;
				CLANG_ANALYZER_NONNULL = YES;
				CLANG_ANALYZER_NUMBER_OBJECT_CONVERSION = YES_AGGRESSIVE;
				CLANG_CXX_LANGUAGE_STANDARD = "gnu++14";
				CLANG_CXX_LIBRARY = "libc++";
				CLANG_ENABLE_MODULES = YES;
				CLANG_ENABLE_OBJC_ARC = YES;
				CLANG_ENABLE_OBJC_WEAK = YES;
				CLANG_WARN_BLOCK_CAPTURE_AUTORELEASING = YES;
				CLANG_WARN_BOOL_CONVERSION = YES;
				CLANG_WARN_COMMA = YES;
				CLANG_WARN_CONSTANT_CONVERSION = YES;
				CLANG_WARN_DEPRECATED_OBJC_IMPLEMENTATIONS = YES;
				CLANG_WARN_DIRECT_OBJC_ISA_USAGE = YES_ERROR;
				CLANG_WARN_DOCUMENTATION_COMMENTS = YES;
				CLANG_WARN_EMPTY_BODY = YES;
				CLANG_WARN_ENUM_CONVERSION = YES;
				CLANG_WARN_INFINITE_RECURSION = YES;
				CLANG_WARN_INT_CONVERSION = YES;
				CLANG_WARN_NON_LITERAL_NULL_CONVERSION = YES;
				CLANG_WARN_OBJC_IMPLICIT_RETAIN_SELF = YES;
				CLANG_WARN_OBJC_LITERAL_CONVERSION = YES;
				CLANG_WARN_OBJC_ROOT_CLASS = YES_ERROR;
				CLANG_WARN_RANGE_LOOP_ANALYSIS = YES;
				CLANG_WARN_STRICT_PROTOTYPES = YES;
				CLANG_WARN_SUSPICIOUS_MOVE = YES;
				CLANG_WARN_UNGUARDED_AVAILABILITY = YES_AGGRESSIVE;
				CLANG_WARN_UNREACHABLE_CODE = YES;
				CLANG_WARN__DUPLICATE_METHOD_MATCH = YES;
				CODE_SIGN_IDENTITY = "iPhone Developer";
				COPY_PHASE_STRIP = NO;
				DEBUG_INFORMATION_FORMAT = dwarf;
				ENABLE_STRICT_OBJC_MSGSEND = YES;
				ENABLE_TESTABILITY = YES;
				GCC_C_LANGUAGE_STANDARD = gnu11;
				GCC_DYNAMIC_NO_PIC = NO;
				GCC_NO_COMMON_BLOCKS = YES;
				GCC_OPTIMIZATION_LEVEL = 0;
				GCC_PREPROCESSOR_DEFINITIONS = (
					"DEBUG=1",
					"$(inherited)",
				);
				GCC_WARN_64_TO_32_BIT_CONVERSION = YES;
				GCC_WARN_ABOUT_RETURN_TYPE = YES_ERROR;
				GCC_WARN_UNDECLARED_SELECTOR = YES;
				GCC_WARN_UNINITIALIZED_AUTOS = YES_AGGRESSIVE;
				GCC_WARN_UNUSED_FUNCTION = YES;
				GCC_WARN_UNUSED_VARIABLE = YES;
				IPHONEOS_DEPLOYMENT_TARGET = 12.1;
				MTL_ENABLE_DEBUG_INFO = INCLUDE_SOURCE;
				MTL_FAST_MATH = YES;
				ONLY_ACTIVE_ARCH = YES;
				SDKROOT = iphoneos;
				SWIFT_ACTIVE_COMPILATION_CONDITIONS = DEBUG;
				SWIFT_OPTIMIZATION_LEVEL = "-Onone";
			};
			name = Debug;
		};
		F40C7E3C21B2EEC70074D929 /* Release */ = {
			isa = XCBuildConfiguration;
			buildSettings = {
				ALWAYS_SEARCH_USER_PATHS = NO;
				CLANG_ANALYZER_NONNULL = YES;
				CLANG_ANALYZER_NUMBER_OBJECT_CONVERSION = YES_AGGRESSIVE;
				CLANG_CXX_LANGUAGE_STANDARD = "gnu++14";
				CLANG_CXX_LIBRARY = "libc++";
				CLANG_ENABLE_MODULES = YES;
				CLANG_ENABLE_OBJC_ARC = YES;
				CLANG_ENABLE_OBJC_WEAK = YES;
				CLANG_WARN_BLOCK_CAPTURE_AUTORELEASING = YES;
				CLANG_WARN_BOOL_CONVERSION = YES;
				CLANG_WARN_COMMA = YES;
				CLANG_WARN_CONSTANT_CONVERSION = YES;
				CLANG_WARN_DEPRECATED_OBJC_IMPLEMENTATIONS = YES;
				CLANG_WARN_DIRECT_OBJC_ISA_USAGE = YES_ERROR;
				CLANG_WARN_DOCUMENTATION_COMMENTS = YES;
				CLANG_WARN_EMPTY_BODY = YES;
				CLANG_WARN_ENUM_CONVERSION = YES;
				CLANG_WARN_INFINITE_RECURSION = YES;
				CLANG_WARN_INT_CONVERSION = YES;
				CLANG_WARN_NON_LITERAL_NULL_CONVERSION = YES;
				CLANG_WARN_OBJC_IMPLICIT_RETAIN_SELF = YES;
				CLANG_WARN_OBJC_LITERAL_CONVERSION = YES;
				CLANG_WARN_OBJC_ROOT_CLASS = YES_ERROR;
				CLANG_WARN_RANGE_LOOP_ANALYSIS = YES;
				CLANG_WARN_STRICT_PROTOTYPES = YES;
				CLANG_WARN_SUSPICIOUS_MOVE = YES;
				CLANG_WARN_UNGUARDED_AVAILABILITY = YES_AGGRESSIVE;
				CLANG_WARN_UNREACHABLE_CODE = YES;
				CLANG_WARN__DUPLICATE_METHOD_MATCH = YES;
				CODE_SIGN_IDENTITY = "iPhone Developer";
				COPY_PHASE_STRIP = NO;
				DEBUG_INFORMATION_FORMAT = "dwarf-with-dsym";
				ENABLE_NS_ASSERTIONS = NO;
				ENABLE_STRICT_OBJC_MSGSEND = YES;
				GCC_C_LANGUAGE_STANDARD = gnu11;
				GCC_NO_COMMON_BLOCKS = YES;
				GCC_WARN_64_TO_32_BIT_CONVERSION = YES;
				GCC_WARN_ABOUT_RETURN_TYPE = YES_ERROR;
				GCC_WARN_UNDECLARED_SELECTOR = YES;
				GCC_WARN_UNINITIALIZED_AUTOS = YES_AGGRESSIVE;
				GCC_WARN_UNUSED_FUNCTION = YES;
				GCC_WARN_UNUSED_VARIABLE = YES;
				IPHONEOS_DEPLOYMENT_TARGET = 12.1;
				MTL_ENABLE_DEBUG_INFO = NO;
				MTL_FAST_MATH = YES;
				SDKROOT = iphoneos;
				SWIFT_COMPILATION_MODE = wholemodule;
				SWIFT_OPTIMIZATION_LEVEL = "-O";
				VALIDATE_PRODUCT = YES;
			};
			name = Release;
		};
		F40C7E3E21B2EEC70074D929 /* Debug */ = {
			isa = XCBuildConfiguration;
			buildSettings = {
				ASSETCATALOG_COMPILER_APPICON_NAME = AppIcon;
				CODE_SIGN_STYLE = Automatic;
				INFOPLIST_FILE = "$(SRCROOT)/FoodPin/SupportFiles/Info.plist";
				LD_RUNPATH_SEARCH_PATHS = (
					"$(inherited)",
					"@executable_path/Frameworks",
				);
				PRODUCT_BUNDLE_IDENTIFIER = com.lyfebug.FoodPin;
				PRODUCT_NAME = "$(TARGET_NAME)";
				SWIFT_VERSION = 4.2;
				TARGETED_DEVICE_FAMILY = "1,2";
			};
			name = Debug;
		};
		F40C7E3F21B2EEC70074D929 /* Release */ = {
			isa = XCBuildConfiguration;
			buildSettings = {
				ASSETCATALOG_COMPILER_APPICON_NAME = AppIcon;
				CODE_SIGN_STYLE = Automatic;
				INFOPLIST_FILE = "$(SRCROOT)/FoodPin/SupportFiles/Info.plist";
				LD_RUNPATH_SEARCH_PATHS = (
					"$(inherited)",
					"@executable_path/Frameworks",
				);
				PRODUCT_BUNDLE_IDENTIFIER = com.lyfebug.FoodPin;
				PRODUCT_NAME = "$(TARGET_NAME)";
				SWIFT_VERSION = 4.2;
				TARGETED_DEVICE_FAMILY = "1,2";
			};
			name = Release;
		};
/* End XCBuildConfiguration section */

/* Begin XCConfigurationList section */
		F40C7E2621B2EEC50074D929 /* Build configuration list for PBXProject "FoodPin" */ = {
			isa = XCConfigurationList;
			buildConfigurations = (
				F40C7E3B21B2EEC70074D929 /* Debug */,
				F40C7E3C21B2EEC70074D929 /* Release */,
			);
			defaultConfigurationIsVisible = 0;
			defaultConfigurationName = Release;
		};
		F40C7E3D21B2EEC70074D929 /* Build configuration list for PBXNativeTarget "FoodPin" */ = {
			isa = XCConfigurationList;
			buildConfigurations = (
				F40C7E3E21B2EEC70074D929 /* Debug */,
				F40C7E3F21B2EEC70074D929 /* Release */,
			);
			defaultConfigurationIsVisible = 0;
			defaultConfigurationName = Release;
		};
/* End XCConfigurationList section */
	};
	rootObject = F40C7E2321B2EEC50074D929 /* Project object */;
}
